
Microsoft Visual Studio Solution File, Format Version 12.00
# Visual Studio Version 16
VisualStudioVersion = 16.0.34601.136
MinimumVisualStudioVersion = 10.0.40219.1
Project("{FAE04EC0-301F-11D3-BF4B-00C04F79EFBC}") = "WebQLNS", "WebQLNS\WebQLNS.csproj", "{43BBDB36-2DBA-46FA-A287-1EFDA28A7A0C}"
EndProject
Global
	GlobalSection(SolutionConfigurationPlatforms) = preSolution
		Debug|Any CPU = Debug|Any CPU
		Release|Any CPU = Release|Any CPU
	EndGlobalSection
	GlobalSection(ProjectConfigurationPlatforms) = postSolution
		{43BBDB36-2DBA-46FA-A287-1EFDA28A7A0C}.Debug|Any CPU.ActiveCfg = Debug|Any CPU
		{43BBDB36-2DBA-46FA-A287-1EFDA28A7A0C}.Debug|Any CPU.Build.0 = Debug|Any CPU
		{43BBDB36-2DBA-46FA-A287-1EFDA28A7A0C}.Release|Any CPU.ActiveCfg = Release|Any CPU
		{43BBDB36-2DBA-46FA-A287-1EFDA28A7A0C}.Release|Any CPU.Build.0 = Release|Any CPU
	EndGlobalSection
	GlobalSection(SolutionProperties) = preSolution
		HideSolutionNode = FALSE
	EndGlobalSection
	GlobalSection(ExtensibilityGlobals) = postSolution
		SolutionGuid = {96D7003A-EA64-4B7D-9A92-4DECA08FF078}
	EndGlobalSection
EndGlobal
